
Microsoft Visual Studio Solution File, Format Version 12.00
# Visual Studio Version 17
VisualStudioVersion = 17.7.34018.315
MinimumVisualStudioVersion = 10.0.40219.1
Project("{FAE04EC0-301F-11D3-BF4B-00C04F79EFBC}") = "WebApplication1", "WebApplication1\WebApplication1.csproj", "{A1BFEBF9-7D42-4AC6-A55E-E7D7D0F76A43}"
EndProject
Global
	GlobalSection(SolutionConfigurationPlatforms) = preSolution
		Debug|Any CPU = Debug|Any CPU
		Release|Any CPU = Release|Any CPU
	EndGlobalSection
	GlobalSection(ProjectConfigurationPlatforms) = postSolution
		{A1BFEBF9-7D42-4AC6-A55E-E7D7D0F76A43}.Debug|Any CPU.ActiveCfg = Debug|Any CPU
		{A1BFEBF9-7D42-4AC6-A55E-E7D7D0F76A43}.Debug|Any CPU.Build.0 = Debug|Any CPU
		{A1BFEBF9-7D42-4AC6-A55E-E7D7D0F76A43}.Release|Any CPU.ActiveCfg = Release|Any CPU
		{A1BFEBF9-7D42-4AC6-A55E-E7D7D0F76A43}.Release|Any CPU.Build.0 = Release|Any CPU
	EndGlobalSection
	GlobalSection(SolutionProperties) = preSolution
		HideSolutionNode = FALSE
	EndGlobalSection
	GlobalSection(ExtensibilityGlobals) = postSolution
		SolutionGuid = {9CCA08AC-612D-4013-B800-7EC50EE09D33}
	EndGlobalSection
EndGlobal
